
Microsoft Visual Studio Solution File, Format Version 12.00
# Visual Studio Version 17
VisualStudioVersion = 17.11.35208.52
MinimumVisualStudioVersion = 10.0.40219.1
Project("{FAE04EC0-301F-11D3-BF4B-00C04F79EFBC}") = "ShowMeTheBalls", "ShowMeTheBalls.csproj", "{9E9DE484-5CBA-498E-822F-720256E8F3F2}"
EndProject
Global
	GlobalSection(SolutionConfigurationPlatforms) = preSolution
		Debug|Any CPU = Debug|Any CPU
		Release|Any CPU = Release|Any CPU
	EndGlobalSection
	GlobalSection(ProjectConfigurationPlatforms) = postSolution
		{9E9DE484-5CBA-498E-822F-720256E8F3F2}.Debug|Any CPU.ActiveCfg = Debug|Any CPU
		{9E9DE484-5CBA-498E-822F-720256E8F3F2}.Debug|Any CPU.Build.0 = Debug|Any CPU
		{9E9DE484-5CBA-498E-822F-720256E8F3F2}.Release|Any CPU.ActiveCfg = Release|Any CPU
		{9E9DE484-5CBA-498E-822F-720256E8F3F2}.Release|Any CPU.Build.0 = Release|Any CPU
	EndGlobalSection
	GlobalSection(SolutionProperties) = preSolution
		HideSolutionNode = FALSE
	EndGlobalSection
	GlobalSection(ExtensibilityGlobals) = postSolution
		SolutionGuid = {392CB0E1-3462-45C6-B548-33CE70D9216D}
	EndGlobalSection
EndGlobal
